{
  "nodes": {
    "agenix": {
      "inputs": {
        "darwin": "darwin",
        "home-manager": "home-manager",
        "nixpkgs": [
          "nixpkgs"
        ],
        "systems": "systems"
      },
      "locked": {
        "lastModified": 1770165109,
        "narHash": "sha256-9VnK6Oqai65puVJ4WYtCTvlJeXxMzAp/69HhQuTdl/I=",
        "owner": "ryantm",
        "repo": "agenix",
        "rev": "b027ee29d959fda4b60b57566d64c98a202e0feb",
        "type": "github"
      },
      "original": {
        "owner": "ryantm",
        "repo": "agenix",
        "type": "github"
      }
    },
    "aquamarine": {
      "inputs": {
        "hyprutils": [
          "hyprland",
          "hyprutils"
        ],
        "hyprwayland-scanner": [
          "hyprland",
          "hyprwayland-scanner"
        ],
        "nixpkgs": [
          "hyprland",
          "nixpkgs"
        ],
        "systems": [
          "hyprland",
          "systems"
        ]
      },
      "locked": {
        "lastModified": 1773436376,
        "narHash": "sha256-OUPRrprbgN27BXHuWkMAPSCfLLQ/uwpWghEfKYN2iAg=",
        "owner": "hyprwm",
        "repo": "aquamarine",
        "rev": "43f10d24391692bba3d762931ee35e7f17f8e8b8",
        "type": "github"
      },
      "original": {
        "owner": "hyprwm",
        "repo": "aquamarine",
        "type": "github"
      }
    },
    "base16-schemes": {
      "flake": false,
      "locked": {
        "lastModified": 1696158499,
        "narHash": "sha256-5yIHgDTPjoX/3oDEfLSQ0eJZdFL1SaCfb9d6M0RmOTM=",
        "owner": "tinted-theming",
        "repo": "base16-schemes",
        "rev": "a9112eaae86d9dd8ee6bb9445b664fba2f94037a",
        "type": "github"
      },
      "original": {
        "owner": "tinted-theming",
        "repo": "base16-schemes",
        "type": "github"
      }
    },
    "darwin": {
      "inputs": {
        "nixpkgs": [
          "agenix",
          "nixpkgs"
        ]
      },
      "locked": {
        "lastModified": 1744478979,
        "narHash": "sha256-dyN+teG9G82G+m+PX/aSAagkC+vUv0SgUw3XkPhQodQ=",
        "owner": "lnl7",
        "repo": "nix-darwin",
        "rev": "43975d782b418ebf4969e9ccba82466728c2851b",
        "type": "github"
      },
      "original": {
        "owner": "lnl7",
        "ref": "master",
        "repo": "nix-darwin",
        "type": "github"
      }
    },
    "disko": {
      "inputs": {
        "nixpkgs": [
          "nixpkgs"
        ]
      },
      "locked": {
        "lastModified": 1773889306,
        "narHash": "sha256-PAqwnsBSI9SVC2QugvQ3xeYCB0otOwCacB1ueQj2tgw=",
        "owner": "nix-community",
        "repo": "disko",
        "rev": "5ad85c82cc52264f4beddc934ba57f3789f28347",
        "type": "github"
      },
      "original": {
        "owner": "nix-community",
        "ref": "master",
        "repo": "disko",
        "type": "github"
      }
    },
    "elephant": {
      "inputs": {
        "nixpkgs": "nixpkgs",
        "systems": "systems_2"
      },
      "locked": {
        "lastModified": 1773079031,
        "narHash": "sha256-RvCzINnVISBT3d0F1DoIcQFbQsbRJISW9qZeKTzmNaA=",
        "owner": "abenz1267",
        "repo": "elephant",
        "rev": "53afe39cef252010f7c55bd33c5bae6dd50dcf0c",
        "type": "github"
      },
      "original": {
        "owner": "abenz1267",
        "repo": "elephant",
        "type": "github"
      }
    },
    "flake-compat": {
      "flake": false,
      "locked": {
        "lastModified": 1767039857,
        "narHash": "sha256-vNpUSpF5Nuw8xvDLj2KCwwksIbjua2LZCqhV1LNRDns=",
        "owner": "NixOS",
        "repo": "flake-compat",
        "rev": "5edf11c44bc78a0d334f6334cdaf7d60d732daab",
        "type": "github"
      },
      "original": {
        "owner": "NixOS",
        "repo": "flake-compat",
        "type": "github"
      }
    },
    "flake-compat_2": {
      "flake": false,
      "locked": {
        "lastModified": 1751685974,
        "narHash": "sha256-NKw96t+BgHIYzHUjkTK95FqYRVKB8DHpVhefWSz/kTw=",
        "ref": "refs/heads/main",
        "rev": "549f2762aebeff29a2e5ece7a7dc0f955281a1d1",
        "revCount": 92,
        "type": "git",
        "url": "https://git.lix.systems/lix-project/flake-compat.git"
      },
      "original": {
        "type": "git",
        "url": "https://git.lix.systems/lix-project/flake-compat.git"
      }
    },
    "flake-parts": {
      "inputs": {
        "nixpkgs-lib": "nixpkgs-lib"
      },
      "locked": {
        "lastModified": 1772408722,
        "narHash": "sha256-rHuJtdcOjK7rAHpHphUb1iCvgkU3GpfvicLMwwnfMT0=",
        "owner": "hercules-ci",
        "repo": "flake-parts",
        "rev": "f20dc5d9b8027381c474144ecabc9034d6a839a3",
        "type": "github"
      },
      "original": {
        "owner": "hercules-ci",
        "repo": "flake-parts",
        "type": "github"
      }
    },
    "flake-parts_2": {
      "inputs": {
        "nixpkgs-lib": [
          "nvf",
          "nixpkgs"
        ]
      },
      "locked": {
        "lastModified": 1769996383,
        "narHash": "sha256-AnYjnFWgS49RlqX7LrC4uA+sCCDBj0Ry/WOJ5XWAsa0=",
        "owner": "hercules-ci",
        "repo": "flake-parts",
        "rev": "57928607ea566b5db3ad13af0e57e921e6b12381",
        "type": "github"
      },
      "original": {
        "owner": "hercules-ci",
        "repo": "flake-parts",
        "type": "github"
      }
    },
    "gitignore": {
      "inputs": {
        "nixpkgs": [
          "hyprland",
          "pre-commit-hooks",
          "nixpkgs"
        ]
      },
      "locked": {
        "lastModified": 1709087332,
        "narHash": "sha256-HG2cCnktfHsKV0s4XW83gU3F57gaTljL9KNSuG6bnQs=",
        "owner": "hercules-ci",
        "repo": "gitignore.nix",
        "rev": "637db329424fd7e46cf4185293b9cc8c88c95394",
        "type": "github"
      },
      "original": {
        "owner": "hercules-ci",
        "repo": "gitignore.nix",
        "type": "github"
      }
    },
    "home-manager": {
      "inputs": {
        "nixpkgs": [
          "agenix",
          "nixpkgs"
        ]
      },
      "locked": {
        "lastModified": 1745494811,
        "narHash": "sha256-YZCh2o9Ua1n9uCvrvi5pRxtuVNml8X2a03qIFfRKpFs=",
        "owner": "nix-community",
        "repo": "home-manager",
        "rev": "abfad3d2958c9e6300a883bd443512c55dfeb1be",
        "type": "github"
      },
      "original": {
        "owner": "nix-community",
        "repo": "home-manager",
        "type": "github"
      }
    },
    "home-manager_2": {
      "inputs": {
        "nixpkgs": [
          "nixpkgs"
        ]
      },
      "locked": {
        "lastModified": 1773962693,
        "narHash": "sha256-nf9pgktDE4E2TCavUT1vh3Nd/tfKixL1BK6P32Zp3hI=",
        "owner": "nix-community",
        "repo": "home-manager",
        "rev": "9d3c1d636e7b8ab10f357cd9bee653cd400437de",
        "type": "github"
      },
      "original": {
        "owner": "nix-community",
        "repo": "home-manager",
        "type": "github"
      }
    },
    "hyprcursor": {
      "inputs": {
        "hyprlang": [
          "hyprland",
          "hyprlang"
        ],
        "nixpkgs": [
          "hyprland",
          "nixpkgs"
        ],
        "systems": [
          "hyprland",
          "systems"
        ]
      },
      "locked": {
        "lastModified": 1772461003,
        "narHash": "sha256-pVICsV7FtcEeVwg5y/LFh3XFUkVJninm/P1j/JHzEbM=",
        "owner": "hyprwm",
        "repo": "hyprcursor",
        "rev": "b62396457b9cfe2ebf24fe05404b09d2a40f8ed7",
        "type": "github"
      },
      "original": {
        "owner": "hyprwm",
        "repo": "hyprcursor",
        "type": "github"
      }
    },
    "hyprgraphics": {
      "inputs": {
        "hyprutils": [
          "hyprland",
          "hyprutils"
        ],
        "nixpkgs": [
          "hyprland",
          "nixpkgs"
        ],
        "systems": [
          "hyprland",
          "systems"
        ]
      },
      "locked": {
        "lastModified": 1772461523,
        "narHash": "sha256-mI6A51do+hEUzeJKk9YSWfVHdI/SEEIBi2tp5Whq5mI=",
        "owner": "hyprwm",
        "repo": "hyprgraphics",
        "rev": "7d63c04b4a2dd5e59ef943b4b143f46e713df804",
        "type": "github"
      },
      "original": {
        "owner": "hyprwm",
        "repo": "hyprgraphics",
        "type": "github"
      }
    },
    "hyprland": {
      "inputs": {
        "aquamarine": "aquamarine",
        "hyprcursor": "hyprcursor",
        "hyprgraphics": "hyprgraphics",
        "hyprland-guiutils": "hyprland-guiutils",
        "hyprland-protocols": "hyprland-protocols",
        "hyprlang": "hyprlang",
        "hyprutils": "hyprutils",
        "hyprwayland-scanner": "hyprwayland-scanner",
        "hyprwire": "hyprwire",
        "nixpkgs": "nixpkgs_2",
        "pre-commit-hooks": "pre-commit-hooks",
        "systems": "systems_3",
        "xdph": "xdph"
      },
      "locked": {
        "lastModified": 1773954292,
        "narHash": "sha256-zU8GQuqxDkBKmb0tPv8YgcSeUgD+qJOirQtIXZ6cryE=",
        "owner": "hyprwm",
        "repo": "Hyprland",
        "rev": "b940b0d2c197841b0f648598ee782dbaf9e0a89b",
        "type": "github"
      },
      "original": {
        "owner": "hyprwm",
        "repo": "Hyprland",
        "type": "github"
      }
    },
    "hyprland-guiutils": {
      "inputs": {
        "aquamarine": [
          "hyprland",
          "aquamarine"
        ],
        "hyprgraphics": [
          "hyprland",
          "hyprgraphics"
        ],
        "hyprlang": [
          "hyprland",
          "hyprlang"
        ],
        "hyprtoolkit": "hyprtoolkit",
        "hyprutils": [
          "hyprland",
          "hyprutils"
        ],
        "hyprwayland-scanner": [
          "hyprland",
          "hyprwayland-scanner"
        ],
        "nixpkgs": [
          "hyprland",
          "nixpkgs"
        ],
        "systems": [
          "hyprland",
          "systems"
        ]
      },
      "locked": {
        "lastModified": 1772467975,
        "narHash": "sha256-kipyuDBxrZq+beYpZqWzGvFWm4QbayW9agAvi94vDXY=",
        "owner": "hyprwm",
        "repo": "hyprland-guiutils",
        "rev": "5e1c6b9025aaf4d578f3eff7c0eb1f0c197a9507",
        "type": "github"
      },
      "original": {
        "owner": "hyprwm",
        "repo": "hyprland-guiutils",
        "type": "github"
      }
    },
    "hyprland-protocols": {
      "inputs": {
        "nixpkgs": [
          "hyprland",
          "nixpkgs"
        ],
        "systems": [
          "hyprland",
          "systems"
        ]
      },
      "locked": {
        "lastModified": 1772460177,
        "narHash": "sha256-/6G/MsPvtn7bc4Y32pserBT/Z4SUUdBd4XYJpOEKVR4=",
        "owner": "hyprwm",
        "repo": "hyprland-protocols",
        "rev": "1cb6db5fd6bb8aee419f4457402fa18293ace917",
        "type": "github"
      },
      "original": {
        "owner": "hyprwm",
        "repo": "hyprland-protocols",
        "type": "github"
      }
    },
    "hyprlang": {
      "inputs": {
        "hyprutils": [
          "hyprland",
          "hyprutils"
        ],
        "nixpkgs": [
          "hyprland",
          "nixpkgs"
        ],
        "systems": [
          "hyprland",
          "systems"
        ]
      },
      "locked": {
        "lastModified": 1772459629,
        "narHash": "sha256-/iwvNUYShmmnwmz/czEUh6+0eF5vCMv0xtDW0STPIuM=",
        "owner": "hyprwm",
        "repo": "hyprlang",
        "rev": "7615ee388de18239a4ab1400946f3d0e498a8186",
        "type": "github"
      },
      "original": {
        "owner": "hyprwm",
        "repo": "hyprlang",
        "type": "github"
      }
    },
    "hyprtoolkit": {
      "inputs": {
        "aquamarine": [
          "hyprland",
          "hyprland-guiutils",
          "aquamarine"
        ],
        "hyprgraphics": [
          "hyprland",
          "hyprland-guiutils",
          "hyprgraphics"
        ],
        "hyprlang": [
          "hyprland",
          "hyprland-guiutils",
          "hyprlang"
        ],
        "hyprutils": [
          "hyprland",
          "hyprland-guiutils",
          "hyprutils"
        ],
        "hyprwayland-scanner": [
          "hyprland",
          "hyprland-guiutils",
          "hyprwayland-scanner"
        ],
        "nixpkgs": [
          "hyprland",
          "hyprland-guiutils",
          "nixpkgs"
        ],
        "systems": [
          "hyprland",
          "hyprland-guiutils",
          "systems"
        ]
      },
      "locked": {
        "lastModified": 1772462885,
        "narHash": "sha256-5pHXrQK9zasMnIo6yME6EOXmWGFMSnCITcfKshhKJ9I=",
        "owner": "hyprwm",
        "repo": "hyprtoolkit",
        "rev": "9af245a69fa6b286b88ddfc340afd288e00a6998",
        "type": "github"
      },
      "original": {
        "owner": "hyprwm",
        "repo": "hyprtoolkit",
        "type": "github"
      }
    },
    "hyprutils": {
      "inputs": {
        "nixpkgs": [
          "hyprland",
          "nixpkgs"
        ],
        "systems": [
          "hyprland",
          "systems"
        ]
      },
      "locked": {
        "lastModified": 1773436263,
        "narHash": "sha256-n+2xFJngUkBqUJD5FsbVnYEHBTyDFSqtBIwQIGPXWWo=",
        "owner": "hyprwm",
        "repo": "hyprutils",
        "rev": "5e228db6821380a5875d5643176c5c46a47b8134",
        "type": "github"
      },
      "original": {
        "owner": "hyprwm",
        "repo": "hyprutils",
        "type": "github"
      }
    },
    "hyprwayland-scanner": {
      "inputs": {
        "nixpkgs": [
          "hyprland",
          "nixpkgs"
        ],
        "systems": [
          "hyprland",
          "systems"
        ]
      },
      "locked": {
        "lastModified": 1772459835,
        "narHash": "sha256-978jRz/y/9TKmZb/qD4lEYHCQGHpEXGqy+8X2lFZsak=",
        "owner": "hyprwm",
        "repo": "hyprwayland-scanner",
        "rev": "0a692d4a645165eebd65f109146b8861e3a925e7",
        "type": "github"
      },
      "original": {
        "owner": "hyprwm",
        "repo": "hyprwayland-scanner",
        "type": "github"
      }
    },
    "hyprwire": {
      "inputs": {
        "hyprutils": [
          "hyprland",
          "hyprutils"
        ],
        "nixpkgs": [
          "hyprland",
          "nixpkgs"
        ],
        "systems": [
          "hyprland",
          "systems"
        ]
      },
      "locked": {
        "lastModified": 1773074819,
        "narHash": "sha256-qRqYnXiKoJLRTcfaRukn7EifmST2IVBUMZOeZMAc5UA=",
        "owner": "hyprwm",
        "repo": "hyprwire",
        "rev": "f68afd0e73687598cc2774804fedad76693046f0",
        "type": "github"
      },
      "original": {
        "owner": "hyprwm",
        "repo": "hyprwire",
        "type": "github"
      }
    },
    "import-tree": {
      "locked": {
        "lastModified": 1773693634,
        "narHash": "sha256-BtZ2dtkBdSUnFPPFc+n0kcMbgaTxzFNPv2iaO326Ffg=",
        "owner": "vic",
        "repo": "import-tree",
        "rev": "c41e7d58045f9057880b0d85e1152d6a4430dbf1",
        "type": "github"
      },
      "original": {
        "owner": "vic",
        "repo": "import-tree",
        "type": "github"
      }
    },
    "matugen": {
      "inputs": {
        "nixpkgs": "nixpkgs_3",
        "systems": "systems_4"
      },
      "locked": {
        "lastModified": 1773773106,
        "narHash": "sha256-JWoYSJAOZhV9/LglNL/fHCPCAH6QTRbN3YplazTzkCQ=",
        "owner": "InioX",
        "repo": "Matugen",
        "rev": "81a2b9ab79e7274f6884844d9f761a0652dbafdb",
        "type": "github"
      },
      "original": {
        "owner": "InioX",
        "repo": "Matugen",
        "type": "github"
      }
    },
    "mnw": {
      "locked": {
        "lastModified": 1770419553,
        "narHash": "sha256-b1XqsH7AtVf2dXmq2iyRr2NC1yG7skY7Z6N2MpWHlK4=",
        "owner": "Gerg-L",
        "repo": "mnw",
        "rev": "2aaffa8030d0b262176146adbb6b0e6374ce2957",
        "type": "github"
      },
      "original": {
        "owner": "Gerg-L",
        "repo": "mnw",
        "type": "github"
      }
    },
    "ndg": {
      "inputs": {
        "nixpkgs": [
          "nvf",
          "nixpkgs"
        ]
      },
      "locked": {
        "lastModified": 1768214250,
        "narHash": "sha256-hnBZDQWUxJV3KbtvyGW5BKLO/fAwydrxm5WHCWMQTbw=",
        "owner": "feel-co",
        "repo": "ndg",
        "rev": "a6bd3c1ce2668d096e4fdaaa03ad7f03ba1fbca8",
        "type": "github"
      },
      "original": {
        "owner": "feel-co",
        "ref": "refs/tags/v2.6.0",
        "repo": "ndg",
        "type": "github"
      }
    },
    "nix-colors": {
      "inputs": {
        "base16-schemes": "base16-schemes",
        "nixpkgs-lib": "nixpkgs-lib_2"
      },
      "locked": {
        "lastModified": 1707825078,
        "narHash": "sha256-hTfge2J2W+42SZ7VHXkf4kjU+qzFqPeC9k66jAUBMHk=",
        "owner": "misterio77",
        "repo": "nix-colors",
        "rev": "b01f024090d2c4fc3152cd0cf12027a7b8453ba1",
        "type": "github"
      },
      "original": {
        "owner": "misterio77",
        "repo": "nix-colors",
        "type": "github"
      }
    },
    "nix-darwin": {
      "inputs": {
        "nixpkgs": [
          "nixpkgs"
        ]
      },
      "locked": {
        "lastModified": 1773000227,
        "narHash": "sha256-zm3ftUQw0MPumYi91HovoGhgyZBlM4o3Zy0LhPNwzXE=",
        "owner": "LnL7",
        "repo": "nix-darwin",
        "rev": "da529ac9e46f25ed5616fd634079a5f3c579135f",
        "type": "github"
      },
      "original": {
        "owner": "LnL7",
        "ref": "master",
        "repo": "nix-darwin",
        "type": "github"
      }
    },
    "nixos-hardware": {
      "locked": {
        "lastModified": 1773533765,
        "narHash": "sha256-qonGfS2lzCgCl59Zl63jF6dIRRpvW3AJooBGMaXjHiY=",
        "owner": "NixOS",
        "repo": "nixos-hardware",
        "rev": "f8e82243fd601afb9f59ad230958bd073795cbfe",
        "type": "github"
      },
      "original": {
        "owner": "NixOS",
        "ref": "master",
        "repo": "nixos-hardware",
        "type": "github"
      }
    },
    "nixpkgs": {
      "locked": {
        "lastModified": 1764242076,
        "narHash": "sha256-sKoIWfnijJ0+9e4wRvIgm/HgE27bzwQxcEmo2J/gNpI=",
        "owner": "NixOS",
        "repo": "nixpkgs",
        "rev": "2fad6eac6077f03fe109c4d4eb171cf96791faa4",
        "type": "github"
      },
      "original": {
        "owner": "NixOS",
        "ref": "nixos-unstable",
        "repo": "nixpkgs",
        "type": "github"
      }
    },
    "nixpkgs-lib": {
      "locked": {
        "lastModified": 1772328832,
        "narHash": "sha256-e+/T/pmEkLP6BHhYjx6GmwP5ivonQQn0bJdH9YrRB+Q=",
        "owner": "nix-community",
        "repo": "nixpkgs.lib",
        "rev": "c185c7a5e5dd8f9add5b2f8ebeff00888b070742",
        "type": "github"
      },
      "original": {
        "owner": "nix-community",
        "repo": "nixpkgs.lib",
        "type": "github"
      }
    },
    "nixpkgs-lib_2": {
      "locked": {
        "lastModified": 1697935651,
        "narHash": "sha256-qOfWjQ2JQSQL15KLh6D7xQhx0qgZlYZTYlcEiRuAMMw=",
        "owner": "nix-community",
        "repo": "nixpkgs.lib",
        "rev": "e1e11fdbb01113d85c7f41cada9d2847660e3902",
        "type": "github"
      },
      "original": {
        "owner": "nix-community",
        "repo": "nixpkgs.lib",
        "type": "github"
      }
    },
    "nixpkgs_2": {
      "locked": {
        "lastModified": 1773389992,
        "narHash": "sha256-wvfdLLWJ2I9oEpDd9PfMA8osfIZicoQ5MT1jIwNs9Tk=",
        "owner": "NixOS",
        "repo": "nixpkgs",
        "rev": "c06b4ae3d6599a672a6210b7021d699c351eebda",
        "type": "github"
      },
      "original": {
        "owner": "NixOS",
        "ref": "nixos-unstable",
        "repo": "nixpkgs",
        "type": "github"
      }
    },
    "nixpkgs_3": {
      "locked": {
        "lastModified": 1771369470,
        "narHash": "sha256-0NBlEBKkN3lufyvFegY4TYv5mCNHbi5OmBDrzihbBMQ=",
        "owner": "nixos",
        "repo": "nixpkgs",
        "rev": "0182a361324364ae3f436a63005877674cf45efb",
        "type": "github"
      },
      "original": {
        "owner": "nixos",
        "ref": "nixos-unstable",
        "repo": "nixpkgs",
        "type": "github"
      }
    },
    "nixpkgs_4": {
      "locked": {
        "lastModified": 1773821835,
        "narHash": "sha256-TJ3lSQtW0E2JrznGVm8hOQGVpXjJyXY2guAxku2O9A4=",
        "owner": "NixOS",
        "repo": "nixpkgs",
        "rev": "b40629efe5d6ec48dd1efba650c797ddbd39ace0",
        "type": "github"
      },
      "original": {
        "owner": "NixOS",
        "ref": "nixos-unstable",
        "repo": "nixpkgs",
        "type": "github"
      }
    },
    "nixpkgs_5": {
      "locked": {
        "lastModified": 1770107345,
        "narHash": "sha256-tbS0Ebx2PiA1FRW8mt8oejR0qMXmziJmPaU1d4kYY9g=",
        "owner": "nixos",
        "repo": "nixpkgs",
        "rev": "4533d9293756b63904b7238acb84ac8fe4c8c2c4",
        "type": "github"
      },
      "original": {
        "owner": "nixos",
        "ref": "nixpkgs-unstable",
        "repo": "nixpkgs",
        "type": "github"
      }
    },
    "nixpkgs_6": {
      "locked": {
        "lastModified": 1773389992,
        "narHash": "sha256-wLdaFm1T0uzQya3eG/5+LPbmyB92jE/AnMtVY6re818=",
        "rev": "c06b4ae3d6599a672a6210b7021d699c351eebda",
        "type": "tarball",
        "url": "https://releases.nixos.org/nixos/unstable/nixos-26.05pre962836.c06b4ae3d659/nixexprs.tar.xz"
      },
      "original": {
        "type": "tarball",
        "url": "https://channels.nixos.org/nixos-unstable/nixexprs.tar.xz"
      }
    },
    "nixpkgs_7": {
      "locked": {
        "lastModified": 1768564909,
        "narHash": "sha256-Kell/SpJYVkHWMvnhqJz/8DqQg2b6PguxVWOuadbHCc=",
        "owner": "NixOS",
        "repo": "nixpkgs",
        "rev": "e4bae1bd10c9c57b2cf517953ab70060a828ee6f",
        "type": "github"
      },
      "original": {
        "owner": "NixOS",
        "ref": "nixos-unstable",
        "repo": "nixpkgs",
        "type": "github"
      }
    },
    "noctalia": {
      "inputs": {
        "nixpkgs": [
          "nixpkgs"
        ],
        "noctalia-qs": "noctalia-qs"
      },
      "locked": {
        "lastModified": 1773981245,
        "narHash": "sha256-RSYQ/kYxjfPm7+Vao0nU9uPmVMXbPxwWsWF8VLI0hA4=",
        "owner": "noctalia-dev",
        "repo": "noctalia-shell",
        "rev": "8344f25d5ab71ed777ec3fbccca897a1c3f6a245",
        "type": "github"
      },
      "original": {
        "owner": "noctalia-dev",
        "repo": "noctalia-shell",
        "type": "github"
      }
    },
    "noctalia-qs": {
      "inputs": {
        "nixpkgs": [
          "noctalia",
          "nixpkgs"
        ],
        "systems": "systems_5",
        "treefmt-nix": "treefmt-nix"
      },
      "locked": {
        "lastModified": 1773842483,
        "narHash": "sha256-oRqz+5AbNKfUWWwN5c83CsSOsUWVGITh0HZg+wX5Q/8=",
        "owner": "noctalia-dev",
        "repo": "noctalia-qs",
        "rev": "3962ff1e0b59ef067c57199d31271ddbf23b29cd",
        "type": "github"
      },
      "original": {
        "owner": "noctalia-dev",
        "repo": "noctalia-qs",
        "type": "github"
      }
    },
    "nvf": {
      "inputs": {
        "flake-compat": "flake-compat_2",
        "flake-parts": "flake-parts_2",
        "mnw": "mnw",
        "ndg": "ndg",
        "nixpkgs": [
          "nixpkgs"
        ],
        "systems": "systems_6"
      },
      "locked": {
        "lastModified": 1773970322,
        "narHash": "sha256-xyO9ZV+cZk+HVmjS6P5Jzwl6ioRCKgeLQSSbUFtPrZk=",
        "owner": "notashelf",
        "repo": "nvf",
        "rev": "8aad181ec9057c56b6fe5d6081a399427e1d1dec",
        "type": "github"
      },
      "original": {
        "owner": "notashelf",
        "repo": "nvf",
        "type": "github"
      }
    },
    "pre-commit-hooks": {
      "inputs": {
        "flake-compat": "flake-compat",
        "gitignore": "gitignore",
        "nixpkgs": [
          "hyprland",
          "nixpkgs"
        ]
      },
      "locked": {
        "lastModified": 1772893680,
        "narHash": "sha256-JDqZMgxUTCq85ObSaFw0HhE+lvdOre1lx9iI6vYyOEs=",
        "owner": "cachix",
        "repo": "git-hooks.nix",
        "rev": "8baab586afc9c9b57645a734c820e4ac0a604af9",
        "type": "github"
      },
      "original": {
        "owner": "cachix",
        "repo": "git-hooks.nix",
        "type": "github"
      }
    },
    "root": {
      "inputs": {
        "agenix": "agenix",
        "disko": "disko",
        "elephant": "elephant",
        "flake-parts": "flake-parts",
        "home-manager": "home-manager_2",
        "hyprland": "hyprland",
        "import-tree": "import-tree",
        "matugen": "matugen",
        "nix-colors": "nix-colors",
        "nix-darwin": "nix-darwin",
        "nixos-hardware": "nixos-hardware",
        "nixpkgs": "nixpkgs_4",
        "noctalia": "noctalia",
        "nvf": "nvf",
        "spicetify-nix": "spicetify-nix",
        "walker": "walker"
      }
    },
    "spicetify-nix": {
      "inputs": {
        "nixpkgs": "nixpkgs_6",
        "systems": "systems_7"
      },
      "locked": {
        "lastModified": 1773619901,
        "narHash": "sha256-Br8CQy4ht+a2OxyzaRwuP5+oIFfoRvCxYgsmdrgid40=",
        "owner": "Gerg-L",
        "repo": "spicetify-nix",
        "rev": "6f06ff05cd536b790b7662550a10b61a1ac4619e",
        "type": "github"
      },
      "original": {
        "owner": "Gerg-L",
        "repo": "spicetify-nix",
        "type": "github"
      }
    },
    "systems": {
      "locked": {
        "lastModified": 1681028828,
        "narHash": "sha256-Vy1rq5AaRuLzOxct8nz4T6wlgyUR7zLU309k9mBC768=",
        "owner": "nix-systems",
        "repo": "default",
        "rev": "da67096a3b9bf56a91d16901293e51ba5b49a27e",
        "type": "github"
      },
      "original": {
        "owner": "nix-systems",
        "repo": "default",
        "type": "github"
      }
    },
    "systems_2": {
      "locked": {
        "lastModified": 1689347949,
        "narHash": "sha256-12tWmuL2zgBgZkdoB6qXZsgJEH9LR3oUgpaQq2RbI80=",
        "owner": "nix-systems",
        "repo": "default-linux",
        "rev": "31732fcf5e8fea42e59c2488ad31a0e651500f68",
        "type": "github"
      },
      "original": {
        "owner": "nix-systems",
        "repo": "default-linux",
        "type": "github"
      }
    },
    "systems_3": {
      "locked": {
        "lastModified": 1689347949,
        "narHash": "sha256-12tWmuL2zgBgZkdoB6qXZsgJEH9LR3oUgpaQq2RbI80=",
        "owner": "nix-systems",
        "repo": "default-linux",
        "rev": "31732fcf5e8fea42e59c2488ad31a0e651500f68",
        "type": "github"
      },
      "original": {
        "owner": "nix-systems",
        "repo": "default-linux",
        "type": "github"
      }
    },
    "systems_4": {
      "locked": {
        "lastModified": 1689347949,
        "narHash": "sha256-12tWmuL2zgBgZkdoB6qXZsgJEH9LR3oUgpaQq2RbI80=",
        "owner": "nix-systems",
        "repo": "default-linux",
        "rev": "31732fcf5e8fea42e59c2488ad31a0e651500f68",
        "type": "github"
      },
      "original": {
        "owner": "nix-systems",
        "repo": "default-linux",
        "type": "github"
      }
    },
    "systems_5": {
      "locked": {
        "lastModified": 1689347949,
        "narHash": "sha256-12tWmuL2zgBgZkdoB6qXZsgJEH9LR3oUgpaQq2RbI80=",
        "owner": "nix-systems",
        "repo": "default-linux",
        "rev": "31732fcf5e8fea42e59c2488ad31a0e651500f68",
        "type": "github"
      },
      "original": {
        "owner": "nix-systems",
        "repo": "default-linux",
        "type": "github"
      }
    },
    "systems_6": {
      "locked": {
        "lastModified": 1681028828,
        "narHash": "sha256-Vy1rq5AaRuLzOxct8nz4T6wlgyUR7zLU309k9mBC768=",
        "owner": "nix-systems",
        "repo": "default",
        "rev": "da67096a3b9bf56a91d16901293e51ba5b49a27e",
        "type": "github"
      },
      "original": {
        "owner": "nix-systems",
        "repo": "default",
        "type": "github"
      }
    },
    "systems_7": {
      "locked": {
        "lastModified": 1681028828,
        "narHash": "sha256-Vy1rq5AaRuLzOxct8nz4T6wlgyUR7zLU309k9mBC768=",
        "owner": "nix-systems",
        "repo": "default",
        "rev": "da67096a3b9bf56a91d16901293e51ba5b49a27e",
        "type": "github"
      },
      "original": {
        "owner": "nix-systems",
        "repo": "default",
        "type": "github"
      }
    },
    "systems_8": {
      "locked": {
        "lastModified": 1689347949,
        "narHash": "sha256-12tWmuL2zgBgZkdoB6qXZsgJEH9LR3oUgpaQq2RbI80=",
        "owner": "nix-systems",
        "repo": "default-linux",
        "rev": "31732fcf5e8fea42e59c2488ad31a0e651500f68",
        "type": "github"
      },
      "original": {
        "owner": "nix-systems",
        "repo": "default-linux",
        "type": "github"
      }
    },
    "treefmt-nix": {
      "inputs": {
        "nixpkgs": "nixpkgs_5"
      },
      "locked": {
        "lastModified": 1772660329,
        "narHash": "sha256-IjU1FxYqm+VDe5qIOxoW+pISBlGvVApRjiw/Y/ttJzY=",
        "owner": "numtide",
        "repo": "treefmt-nix",
        "rev": "3710e0e1218041bbad640352a0440114b1e10428",
        "type": "github"
      },
      "original": {
        "owner": "numtide",
        "repo": "treefmt-nix",
        "type": "github"
      }
    },
    "walker": {
      "inputs": {
        "elephant": [
          "elephant"
        ],
        "nixpkgs": "nixpkgs_7",
        "systems": "systems_8"
      },
      "locked": {
        "lastModified": 1773675699,
        "narHash": "sha256-GrormZ2KxchtCLuO90+5fioEQmlUCKBIil0Mzr9w0Iw=",
        "owner": "abenz1267",
        "repo": "walker",
        "rev": "d2702235710da3d7daf55c912ca7534261cf20f5",
        "type": "github"
      },
      "original": {
        "owner": "abenz1267",
        "repo": "walker",
        "type": "github"
      }
    },
    "xdph": {
      "inputs": {
        "hyprland-protocols": [
          "hyprland",
          "hyprland-protocols"
        ],
        "hyprlang": [
          "hyprland",
          "hyprlang"
        ],
        "hyprutils": [
          "hyprland",
          "hyprutils"
        ],
        "hyprwayland-scanner": [
          "hyprland",
          "hyprwayland-scanner"
        ],
        "nixpkgs": [
          "hyprland",
          "nixpkgs"
        ],
        "systems": [
          "hyprland",
          "systems"
        ]
      },
      "locked": {
        "lastModified": 1772669058,
        "narHash": "sha256-XhnY0aRuDo5LT8pmJVPofPOgO2hAR7T+XRoaQxtNPzQ=",
        "owner": "hyprwm",
        "repo": "xdg-desktop-portal-hyprland",
        "rev": "906d0ac159803a7df2dc1f948df9327670380f69",
        "type": "github"
      },
      "original": {
        "owner": "hyprwm",
        "repo": "xdg-desktop-portal-hyprland",
        "type": "github"
      }
    }
  },
  "root": "root",
  "version": 7
}
